// !$*UTF8*$!
{
	archiveVersion = 1;
	classes = {
	};
	objectVersion = 46;
	objects = {

/* Begin PBXBuildFile section */
		C6E0D302355A0C2FC1E7A66F /* Pods_ICropViewController.framework in Frameworks */ = {isa = PBXBuildFile; fileRef = B3D4CA9B24806DEA1A08D64B /* Pods_ICropViewController.framework */; };
		CE0ECED11ECAFAEC00FAC749 /* IImagePickerManger.swift in Sources */ = {isa = PBXBuildFile; fileRef = CE0ECED01ECAFAEC00FAC749 /* IImagePickerManger.swift */; };
		CE8FC59C1EC198CF00BE3C79 /* AppDelegate.swift in Sources */ = {isa = PBXBuildFile; fileRef = CE8FC59B1EC198CF00BE3C79 /* AppDelegate.swift */; };
		CE8FC59E1EC198CF00BE3C79 /* ViewController.swift in Sources */ = {isa = PBXBuildFile; fileRef = CE8FC59D1EC198CF00BE3C79 /* ViewController.swift */; };
		CE8FC5A11EC198CF00BE3C79 /* Main.storyboard in Resources */ = {isa = PBXBuildFile; fileRef = CE8FC59F1EC198CF00BE3C79 /* Main.storyboard */; };
		CE8FC5A31EC198CF00BE3C79 /* Assets.xcassets in Resources */ = {isa = PBXBuildFile; fileRef = CE8FC5A21EC198CF00BE3C79 /* Assets.xcassets */; };
		CE8FC5A61EC198CF00BE3C79 /* LaunchScreen.storyboard in Resources */ = {isa = PBXBuildFile; fileRef = CE8FC5A41EC198CF00BE3C79 /* LaunchScreen.storyboard */; };
/* End PBXBuildFile section */

/* Begin PBXFileReference section */
		504D63C0F51F35E5AD19F0C0 /* Pods-ICropViewController.release.xcconfig */ = {isa = PBXFileReference; includeInIndex = 1; lastKnownFileType = text.xcconfig; name = "Pods-ICropViewController.release.xcconfig"; path = "Pods/Target Support Files/Pods-ICropViewController/Pods-ICropViewController.release.xcconfig"; sourceTree = "<group>"; };
		B3D4CA9B24806DEA1A08D64B /* Pods_ICropViewController.framework */ = {isa = PBXFileReference; explicitFileType = wrapper.framework; includeInIndex = 0; path = Pods_ICropViewController.framework; sourceTree = BUILT_PRODUCTS_DIR; };
		CE0ECED01ECAFAEC00FAC749 /* IImagePickerManger.swift */ = {isa = PBXFileReference; fileEncoding = 4; lastKnownFileType = sourcecode.swift; path = IImagePickerManger.swift; sourceTree = "<group>"; };
		CE8FC5981EC198CF00BE3C79 /* ICropViewController.app */ = {isa = PBXFileReference; explicitFileType = wrapper.application; includeInIndex = 0; path = ICropViewController.app; sourceTree = BUILT_PRODUCTS_DIR; };
		CE8FC59B1EC198CF00BE3C79 /* AppDelegate.swift */ = {isa = PBXFileReference; lastKnownFileType = sourcecode.swift; path = AppDelegate.swift; sourceTree = "<group>"; };
		CE8FC59D1EC198CF00BE3C79 /* ViewController.swift */ = {isa = PBXFileReference; lastKnownFileType = sourcecode.swift; path = ViewController.swift; sourceTree = "<group>"; };
		CE8FC5A01EC198CF00BE3C79 /* Base */ = {isa = PBXFileReference; lastKnownFileType = file.storyboard; name = Base; path = Base.lproj/Main.storyboard; sourceTree = "<group>"; };
		CE8FC5A21EC198CF00BE3C79 /* Assets.xcassets */ = {isa = PBXFileReference; lastKnownFileType = folder.assetcatalog; path = Assets.xcassets; sourceTree = "<group>"; };
		CE8FC5A51EC198CF00BE3C79 /* Base */ = {isa = PBXFileReference; lastKnownFileType = file.storyboard; name = Base; path = Base.lproj/LaunchScreen.storyboard; sourceTree = "<group>"; };
		CE8FC5A71EC198CF00BE3C79 /* Info.plist */ = {isa = PBXFileReference; lastKnownFileType = text.plist.xml; path = Info.plist; sourceTree = "<group>"; };
		CE8FC5B21EC1A11800BE3C79 /* Photos.framework */ = {isa = PBXFileReference; lastKnownFileType = wrapper.framework; name = Photos.framework; path = System/Library/Frameworks/Photos.framework; sourceTree = SDKROOT; };
		CE8FC5B41EC1A14400BE3C79 /* AssetsLibrary.framework */ = {isa = PBXFileReference; lastKnownFileType = wrapper.framework; name = AssetsLibrary.framework; path = System/Library/Frameworks/AssetsLibrary.framework; sourceTree = SDKROOT; };
		D2C2452F51D8DD54FCEADA6C /* Pods-ICropViewController.debug.xcconfig */ = {isa = PBXFileReference; includeInIndex = 1; lastKnownFileType = text.xcconfig; name = "Pods-ICropViewController.debug.xcconfig"; path = "Pods/Target Support Files/Pods-ICropViewController/Pods-ICropViewController.debug.xcconfig"; sourceTree = "<group>"; };
/* End PBXFileReference section */

/* Begin PBXFrameworksBuildPhase section */
		CE8FC5951EC198CF00BE3C79 /* Frameworks */ = {
			isa = PBXFrameworksBuildPhase;
			buildActionMask = 2147483647;
			files = (
				C6E0D302355A0C2FC1E7A66F /* Pods_ICropViewController.framework in Frameworks */,
			);
			runOnlyForDeploymentPostprocessing = 0;
		};
/* End PBXFrameworksBuildPhase section */

/* Begin PBXGroup section */
		5071EE81461EF82091A649CC /* Pods */ = {
			isa = PBXGroup;
			children = (
				D2C2452F51D8DD54FCEADA6C /* Pods-ICropViewController.debug.xcconfig */,
				504D63C0F51F35E5AD19F0C0 /* Pods-ICropViewController.release.xcconfig */,
			);
			name = Pods;
			sourceTree = "<group>";
		};
		BA13A07F2423E29515310523 /* Frameworks */ = {
			isa = PBXGroup;
			children = (
				CE8FC5B41EC1A14400BE3C79 /* AssetsLibrary.framework */,
				CE8FC5B21EC1A11800BE3C79 /* Photos.framework */,
				B3D4CA9B24806DEA1A08D64B /* Pods_ICropViewController.framework */,
			);
			name = Frameworks;
			sourceTree = "<group>";
		};
		CE0ECECF1ECAFAEC00FAC749 /* Source */ = {
			isa = PBXGroup;
			children = (
				CE0ECED01ECAFAEC00FAC749 /* IImagePickerManger.swift */,
			);
			path = Source;
			sourceTree = "<group>";
		};
		CE8FC58F1EC198CF00BE3C79 = {
			isa = PBXGroup;
			children = (
				CE0ECECF1ECAFAEC00FAC749 /* Source */,
				CE8FC59A1EC198CF00BE3C79 /* ICropViewController */,
				CE8FC5991EC198CF00BE3C79 /* Products */,
				5071EE81461EF82091A649CC /* Pods */,
				BA13A07F2423E29515310523 /* Frameworks */,
			);
			sourceTree = "<group>";
		};
		CE8FC5991EC198CF00BE3C79 /* Products */ = {
			isa = PBXGroup;
			children = (
				CE8FC5981EC198CF00BE3C79 /* ICropViewController.app */,
			);
			name = Products;
			sourceTree = "<group>";
		};
		CE8FC59A1EC198CF00BE3C79 /* ICropViewController */ = {
			isa = PBXGroup;
			children = (
				CE8FC59B1EC198CF00BE3C79 /* AppDelegate.swift */,
				CE8FC59D1EC198CF00BE3C79 /* ViewController.swift */,
				CE8FC59F1EC198CF00BE3C79 /* Main.storyboard */,
				CE8FC5A21EC198CF00BE3C79 /* Assets.xcassets */,
				CE8FC5A41EC198CF00BE3C79 /* LaunchScreen.storyboard */,
				CE8FC5A71EC198CF00BE3C79 /* Info.plist */,
			);
			path = ICropViewController;
			sourceTree = "<group>";
		};
/* End PBXGroup section */

/* Begin PBXNativeTarget section */
		CE8FC5971EC198CF00BE3C79 /* ICropViewController */ = {
			isa = PBXNativeTarget;
			buildConfigurationList = CE8FC5AA1EC198CF00BE3C79 /* Build configuration list for PBXNativeTarget "ICropViewController" */;
			buildPhases = (
				F4652B078BC29940D415F075 /* [CP] Check Pods Manifest.lock */,
				CE8FC5941EC198CF00BE3C79 /* Sources */,
				CE8FC5951EC198CF00BE3C79 /* Frameworks */,
				CE8FC5961EC198CF00BE3C79 /* Resources */,
				14BD2185E8797231ACBDDDDE /* [CP] Embed Pods Frameworks */,
				6615F437D7FBEF7D1FA8F480 /* [CP] Copy Pods Resources */,
			);
			buildRules = (
			);
			dependencies = (
			);
			name = ICropViewController;
			productName = ICropViewController;
			productReference = CE8FC5981EC198CF00BE3C79 /* ICropViewController.app */;
			productType = "com.apple.product-type.application";
		};
/* End PBXNativeTarget section */

/* Begin PBXProject section */
		CE8FC5901EC198CF00BE3C79 /* Project object */ = {
			isa = PBXProject;
			attributes = {
				LastSwiftUpdateCheck = 0830;
				LastUpgradeCheck = 0830;
				ORGANIZATIONNAME = "Hangzhou Gravity Cyber Info Corp";
				TargetAttributes = {
					CE8FC5971EC198CF00BE3C79 = {
						CreatedOnToolsVersion = 8.3.2;
						DevelopmentTeam = 6X2HSWDZCR;
						ProvisioningStyle = Manual;
					};
				};
			};
			buildConfigurationList = CE8FC5931EC198CF00BE3C79 /* Build configuration list for PBXProject "ICropViewController" */;
			compatibilityVersion = "Xcode 3.2";
			developmentRegion = English;
			hasScannedForEncodings = 0;
			knownRegions = (
				en,
				Base,
			);
			mainGroup = CE8FC58F1EC198CF00BE3C79;
			productRefGroup = CE8FC5991EC198CF00BE3C79 /* Products */;
			projectDirPath = "";
			projectRoot = "";
			targets = (
				CE8FC5971EC198CF00BE3C79 /* ICropViewController */,
			);
		};
/* End PBXProject section */

/* Begin PBXResourcesBuildPhase section */
		CE8FC5961EC198CF00BE3C79 /* Resources */ = {
			isa = PBXResourcesBuildPhase;
			buildActionMask = 2147483647;
			files = (
				CE8FC5A61EC198CF00BE3C79 /* LaunchScreen.storyboard in Resources */,
				CE8FC5A31EC198CF00BE3C79 /* Assets.xcassets in Resources */,
				CE8FC5A11EC198CF00BE3C79 /* Main.storyboard in Resources */,
			);
			runOnlyForDeploymentPostprocessing = 0;
		};
/* End PBXResourcesBuildPhase section */

/* Begin PBXShellScriptBuildPhase section */
		14BD2185E8797231ACBDDDDE /* [CP] Embed Pods Frameworks */ = {
			isa = PBXShellScriptBuildPhase;
			buildActionMask = 2147483647;
			files = (
			);
			inputPaths = (
			);
			name = "[CP] Embed Pods Frameworks";
			outputPaths = (
			);
			runOnlyForDeploymentPostprocessing = 0;
			shellPath = /bin/sh;
			shellScript = "\"${SRCROOT}/Pods/Target Support Files/Pods-ICropViewController/Pods-ICropViewController-frameworks.sh\"\n";
			showEnvVarsInLog = 0;
		};
		6615F437D7FBEF7D1FA8F480 /* [CP] Copy Pods Resources */ = {
			isa = PBXShellScriptBuildPhase;
			buildActionMask = 2147483647;
			files = (
			);
			inputPaths = (
			);
			name = "[CP] Copy Pods Resources";
			outputPaths = (
			);
			runOnlyForDeploymentPostprocessing = 0;
			shellPath = /bin/sh;
			shellScript = "\"${SRCROOT}/Pods/Target Support Files/Pods-ICropViewController/Pods-ICropViewController-resources.sh\"\n";
			showEnvVarsInLog = 0;
		};
		F4652B078BC29940D415F075 /* [CP] Check Pods Manifest.lock */ = {
			isa = PBXShellScriptBuildPhase;
			buildActionMask = 2147483647;
			files = (
			);
			inputPaths = (
			);
			name = "[CP] Check Pods Manifest.lock";
			outputPaths = (
			);
			runOnlyForDeploymentPostprocessing = 0;
			shellPath = /bin/sh;
			shellScript = "diff \"${PODS_ROOT}/../Podfile.lock\" \"${PODS_ROOT}/Manifest.lock\" > /dev/null\nif [ $? != 0 ] ; then\n    # print error to STDERR\n    echo \"error: The sandbox is not in sync with the Podfile.lock. Run 'pod install' or update your CocoaPods installation.\" >&2\n    exit 1\nfi\n";
			showEnvVarsInLog = 0;
		};
/* End PBXShellScriptBuildPhase section */

/* Begin PBXSourcesBuildPhase section */
		CE8FC5941EC198CF00BE3C79 /* Sources */ = {
			isa = PBXSourcesBuildPhase;
			buildActionMask = 2147483647;
			files = (
				CE0ECED11ECAFAEC00FAC749 /* IImagePickerManger.swift in Sources */,
				CE8FC59E1EC198CF00BE3C79 /* ViewController.swift in Sources */,
				CE8FC59C1EC198CF00BE3C79 /* AppDelegate.swift in Sources */,
			);
			runOnlyForDeploymentPostprocessing = 0;
		};
/* End PBXSourcesBuildPhase section */

/* Begin PBXVariantGroup section */
		CE8FC59F1EC198CF00BE3C79 /* Main.storyboard */ = {
			isa = PBXVariantGroup;
			children = (
				CE8FC5A01EC198CF00BE3C79 /* Base */,
			);
			name = Main.storyboard;
			sourceTree = "<group>";
		};
		CE8FC5A41EC198CF00BE3C79 /* LaunchScreen.storyboard */ = {
			isa = PBXVariantGroup;
			children = (
				CE8FC5A51EC198CF00BE3C79 /* Base */,
			);
			name = LaunchScreen.storyboard;
			sourceTree = "<group>";
		};
/* End PBXVariantGroup section */

/* Begin XCBuildConfiguration section */
		CE8FC5A81EC198CF00BE3C79 /* Debug */ = {
			isa = XCBuildConfiguration;
			buildSettings = {
				ALWAYS_SEARCH_USER_PATHS = NO;
				CLANG_ANALYZER_NONNULL = YES;
				CLANG_ANALYZER_NUMBER_OBJECT_CONVERSION = YES_AGGRESSIVE;
				CLANG_CXX_LANGUAGE_STANDARD = "gnu++0x";
				CLANG_CXX_LIBRARY = "libc++";
				CLANG_ENABLE_MODULES = YES;
				CLANG_ENABLE_OBJC_ARC = YES;
				CLANG_WARN_BOOL_CONVERSION = YES;
				CLANG_WARN_CONSTANT_CONVERSION = YES;
				CLANG_WARN_DIRECT_OBJC_ISA_USAGE = YES_ERROR;
				CLANG_WARN_DOCUMENTATION_COMMENTS = YES;
				CLANG_WARN_EMPTY_BODY = YES;
				CLANG_WARN_ENUM_CONVERSION = YES;
				CLANG_WARN_INFINITE_RECURSION = YES;
				CLANG_WARN_INT_CONVERSION = YES;
				CLANG_WARN_OBJC_ROOT_CLASS = YES_ERROR;
				CLANG_WARN_SUSPICIOUS_MOVE = YES;
				CLANG_WARN_UNREACHABLE_CODE = YES;
				CLANG_WARN__DUPLICATE_METHOD_MATCH = YES;
				"CODE_SIGN_IDENTITY[sdk=iphoneos*]" = "iPhone Developer";
				COPY_PHASE_STRIP = NO;
				DEBUG_INFORMATION_FORMAT = dwarf;
				ENABLE_STRICT_OBJC_MSGSEND = YES;
				ENABLE_TESTABILITY = YES;
				GCC_C_LANGUAGE_STANDARD = gnu99;
				GCC_DYNAMIC_NO_PIC = NO;
				GCC_NO_COMMON_BLOCKS = YES;
				GCC_OPTIMIZATION_LEVEL = 0;
				GCC_PREPROCESSOR_DEFINITIONS = (
					"DEBUG=1",
					"$(inherited)",
				);
				GCC_WARN_64_TO_32_BIT_CONVERSION = YES;
				GCC_WARN_ABOUT_RETURN_TYPE = YES_ERROR;
				GCC_WARN_UNDECLARED_SELECTOR = YES;
				GCC_WARN_UNINITIALIZED_AUTOS = YES_AGGRESSIVE;
				GCC_WARN_UNUSED_FUNCTION = YES;
				GCC_WARN_UNUSED_VARIABLE = YES;
				IPHONEOS_DEPLOYMENT_TARGET = 10.3;
				MTL_ENABLE_DEBUG_INFO = YES;
				ONLY_ACTIVE_ARCH = YES;
				SDKROOT = iphoneos;
				SWIFT_ACTIVE_COMPILATION_CONDITIONS = DEBUG;
				SWIFT_OPTIMIZATION_LEVEL = "-Onone";
				TARGETED_DEVICE_FAMILY = "1,2";
			};
			name = Debug;
		};
		CE8FC5A91EC198CF00BE3C79 /* Release */ = {
			isa = XCBuildConfiguration;
			buildSettings = {
				ALWAYS_SEARCH_USER_PATHS = NO;
				CLANG_ANALYZER_NONNULL = YES;
				CLANG_ANALYZER_NUMBER_OBJECT_CONVERSION = YES_AGGRESSIVE;
				CLANG_CXX_LANGUAGE_STANDARD = "gnu++0x";
				CLANG_CXX_LIBRARY = "libc++";
				CLANG_ENABLE_MODULES = YES;
				CLANG_ENABLE_OBJC_ARC = YES;
				CLANG_WARN_BOOL_CONVERSION = YES;
				CLANG_WARN_CONSTANT_CONVERSION = YES;
				CLANG_WARN_DIRECT_OBJC_ISA_USAGE = YES_ERROR;
				CLANG_WARN_DOCUMENTATION_COMMENTS = YES;
				CLANG_WARN_EMPTY_BODY = YES;
				CLANG_WARN_ENUM_CONVERSION = YES;
				CLANG_WARN_INFINITE_RECURSION = YES;
				CLANG_WARN_INT_CONVERSION = YES;
				CLANG_WARN_OBJC_ROOT_CLASS = YES_ERROR;
				CLANG_WARN_SUSPICIOUS_MOVE = YES;
				CLANG_WARN_UNREACHABLE_CODE = YES;
				CLANG_WARN__DUPLICATE_METHOD_MATCH = YES;
				"CODE_SIGN_IDENTITY[sdk=iphoneos*]" = "iPhone Developer";
				COPY_PHASE_STRIP = NO;
				DEBUG_INFORMATION_FORMAT = "dwarf-with-dsym";
				ENABLE_NS_ASSERTIONS = NO;
				ENABLE_STRICT_OBJC_MSGSEND = YES;
				GCC_C_LANGUAGE_STANDARD = gnu99;
				GCC_NO_COMMON_BLOCKS = YES;
				GCC_WARN_64_TO_32_BIT_CONVERSION = YES;
				GCC_WARN_ABOUT_RETURN_TYPE = YES_ERROR;
				GCC_WARN_UNDECLARED_SELECTOR = YES;
				GCC_WARN_UNINITIALIZED_AUTOS = YES_AGGRESSIVE;
				GCC_WARN_UNUSED_FUNCTION = YES;
				GCC_WARN_UNUSED_VARIABLE = YES;
				IPHONEOS_DEPLOYMENT_TARGET = 10.3;
				MTL_ENABLE_DEBUG_INFO = NO;
				SDKROOT = iphoneos;
				SWIFT_OPTIMIZATION_LEVEL = "-Owholemodule";
				TARGETED_DEVICE_FAMILY = "1,2";
				VALIDATE_PRODUCT = YES;
			};
			name = Release;
		};
		CE8FC5AB1EC198CF00BE3C79 /* Debug */ = {
			isa = XCBuildConfiguration;
			baseConfigurationReference = D2C2452F51D8DD54FCEADA6C /* Pods-ICropViewController.debug.xcconfig */;
			buildSettings = {
				ASSETCATALOG_COMPILER_APPICON_NAME = AppIcon;
				DEVELOPMENT_TEAM = 6X2HSWDZCR;
				INFOPLIST_FILE = ICropViewController/Info.plist;
				LD_RUNPATH_SEARCH_PATHS = "$(inherited) @executable_path/Frameworks";
				PRODUCT_BUNDLE_IDENTIFIER = com.codans.ICropViewController;
				PRODUCT_NAME = "$(TARGET_NAME)";
				PROVISIONING_PROFILE = "9c8388dc-c5a7-4b48-b101-6e07c769a5f4";
				PROVISIONING_PROFILE_SPECIFIER = Dev_All_Codans;
				SWIFT_OBJC_BRIDGING_HEADER = "";
				SWIFT_VERSION = 3.0;
			};
			name = Debug;
		};
		CE8FC5AC1EC198CF00BE3C79 /* Release */ = {
			isa = XCBuildConfiguration;
			baseConfigurationReference = 504D63C0F51F35E5AD19F0C0 /* Pods-ICropViewController.release.xcconfig */;
			buildSettings = {
				ASSETCATALOG_COMPILER_APPICON_NAME = AppIcon;
				DEVELOPMENT_TEAM = 6X2HSWDZCR;
				INFOPLIST_FILE = ICropViewController/Info.plist;
				LD_RUNPATH_SEARCH_PATHS = "$(inherited) @executable_path/Frameworks";
				PRODUCT_BUNDLE_IDENTIFIER = com.codans.ICropViewController;
				PRODUCT_NAME = "$(TARGET_NAME)";
				PROVISIONING_PROFILE = "9c8388dc-c5a7-4b48-b101-6e07c769a5f4";
				PROVISIONING_PROFILE_SPECIFIER = Dev_All_Codans;
				SWIFT_OBJC_BRIDGING_HEADER = "";
				SWIFT_VERSION = 3.0;
			};
			name = Release;
		};
/* End XCBuildConfiguration section */

/* Begin XCConfigurationList section */
		CE8FC5931EC198CF00BE3C79 /* Build configuration list for PBXProject "ICropViewController" */ = {
			isa = XCConfigurationList;
			buildConfigurations = (
				CE8FC5A81EC198CF00BE3C79 /* Debug */,
				CE8FC5A91EC198CF00BE3C79 /* Release */,
			);
			defaultConfigurationIsVisible = 0;
			defaultConfigurationName = Release;
		};
		CE8FC5AA1EC198CF00BE3C79 /* Build configuration list for PBXNativeTarget "ICropViewController" */ = {
			isa = XCConfigurationList;
			buildConfigurations = (
				CE8FC5AB1EC198CF00BE3C79 /* Debug */,
				CE8FC5AC1EC198CF00BE3C79 /* Release */,
			);
			defaultConfigurationIsVisible = 0;
			defaultConfigurationName = Release;
		};
/* End XCConfigurationList section */
	};
	rootObject = CE8FC5901EC198CF00BE3C79 /* Project object */;
}
